// !$*UTF8*$!
{
	archiveVersion = 1;
	classes = {
	};
	objectVersion = 48;
	objects = {

/* Begin PBXBuildFile section */
		754B47091FB93F6D008678B9 /* AppDelegate.swift in Sources */ = {isa = PBXBuildFile; fileRef = 754B47081FB93F6D008678B9 /* AppDelegate.swift */; };
		754B470B1FB93F6D008678B9 /* SearchViewController.swift in Sources */ = {isa = PBXBuildFile; fileRef = 754B470A1FB93F6D008678B9 /* SearchViewController.swift */; };
		754B470E1FB93F6D008678B9 /* Main.storyboard in Resources */ = {isa = PBXBuildFile; fileRef = 754B470C1FB93F6D008678B9 /* Main.storyboard */; };
		754B47101FB93F6D008678B9 /* Assets.xcassets in Resources */ = {isa = PBXBuildFile; fileRef = 754B470F1FB93F6D008678B9 /* Assets.xcassets */; };
		754B47131FB93F6D008678B9 /* LaunchScreen.storyboard in Resources */ = {isa = PBXBuildFile; fileRef = 754B47111FB93F6D008678B9 /* LaunchScreen.storyboard */; };
		754B471B1FB94112008678B9 /* RepoCell.swift in Sources */ = {isa = PBXBuildFile; fileRef = 754B471A1FB94112008678B9 /* RepoCell.swift */; };
		754B471D1FB94194008678B9 /* Repo.swift in Sources */ = {isa = PBXBuildFile; fileRef = 754B471C1FB94194008678B9 /* Repo.swift */; };
		754B471F1FB94572008678B9 /* Github.swift in Sources */ = {isa = PBXBuildFile; fileRef = 754B471E1FB94572008678B9 /* Github.swift */; };
		754B47211FB94E76008678B9 /* Model+Rx.swift in Sources */ = {isa = PBXBuildFile; fileRef = 754B47201FB94E76008678B9 /* Model+Rx.swift */; };
		754B47231FB95995008678B9 /* Optional+Rx.swift in Sources */ = {isa = PBXBuildFile; fileRef = 754B47221FB95995008678B9 /* Optional+Rx.swift */; };
		DDFF3300DFFC878E23423A40 /* Pods_RxSwiftDemo.framework in Frameworks */ = {isa = PBXBuildFile; fileRef = 5F3C206468AF99129BA2163E /* Pods_RxSwiftDemo.framework */; };
/* End PBXBuildFile section */

/* Begin PBXFileReference section */
		3F29E8D7B13A0B7EE13D882D /* Pods-RxSwiftDemo.release.xcconfig */ = {isa = PBXFileReference; includeInIndex = 1; lastKnownFileType = text.xcconfig; name = "Pods-RxSwiftDemo.release.xcconfig"; path = "Pods/Target Support Files/Pods-RxSwiftDemo/Pods-RxSwiftDemo.release.xcconfig"; sourceTree = "<group>"; };
		5F3C206468AF99129BA2163E /* Pods_RxSwiftDemo.framework */ = {isa = PBXFileReference; explicitFileType = wrapper.framework; includeInIndex = 0; path = Pods_RxSwiftDemo.framework; sourceTree = BUILT_PRODUCTS_DIR; };
		754B47051FB93F6D008678B9 /* RxSwiftDemo.app */ = {isa = PBXFileReference; explicitFileType = wrapper.application; includeInIndex = 0; path = RxSwiftDemo.app; sourceTree = BUILT_PRODUCTS_DIR; };
		754B47081FB93F6D008678B9 /* AppDelegate.swift */ = {isa = PBXFileReference; lastKnownFileType = sourcecode.swift; path = AppDelegate.swift; sourceTree = "<group>"; };
		754B470A1FB93F6D008678B9 /* SearchViewController.swift */ = {isa = PBXFileReference; lastKnownFileType = sourcecode.swift; path = SearchViewController.swift; sourceTree = "<group>"; };
		754B470D1FB93F6D008678B9 /* Base */ = {isa = PBXFileReference; lastKnownFileType = file.storyboard; name = Base; path = Base.lproj/Main.storyboard; sourceTree = "<group>"; };
		754B470F1FB93F6D008678B9 /* Assets.xcassets */ = {isa = PBXFileReference; lastKnownFileType = folder.assetcatalog; path = Assets.xcassets; sourceTree = "<group>"; };
		754B47121FB93F6D008678B9 /* Base */ = {isa = PBXFileReference; lastKnownFileType = file.storyboard; name = Base; path = Base.lproj/LaunchScreen.storyboard; sourceTree = "<group>"; };
		754B47141FB93F6D008678B9 /* Info.plist */ = {isa = PBXFileReference; lastKnownFileType = text.plist.xml; path = Info.plist; sourceTree = "<group>"; };
		754B471A1FB94112008678B9 /* RepoCell.swift */ = {isa = PBXFileReference; lastKnownFileType = sourcecode.swift; path = RepoCell.swift; sourceTree = "<group>"; };
		754B471C1FB94194008678B9 /* Repo.swift */ = {isa = PBXFileReference; lastKnownFileType = sourcecode.swift; path = Repo.swift; sourceTree = "<group>"; };
		754B471E1FB94572008678B9 /* Github.swift */ = {isa = PBXFileReference; lastKnownFileType = sourcecode.swift; path = Github.swift; sourceTree = "<group>"; };
		754B47201FB94E76008678B9 /* Model+Rx.swift */ = {isa = PBXFileReference; lastKnownFileType = sourcecode.swift; path = "Model+Rx.swift"; sourceTree = "<group>"; };
		754B47221FB95995008678B9 /* Optional+Rx.swift */ = {isa = PBXFileReference; lastKnownFileType = sourcecode.swift; path = "Optional+Rx.swift"; sourceTree = "<group>"; };
		FAFF1FDC5B8F0BD1748E86CA /* Pods-RxSwiftDemo.debug.xcconfig */ = {isa = PBXFileReference; includeInIndex = 1; lastKnownFileType = text.xcconfig; name = "Pods-RxSwiftDemo.debug.xcconfig"; path = "Pods/Target Support Files/Pods-RxSwiftDemo/Pods-RxSwiftDemo.debug.xcconfig"; sourceTree = "<group>"; };
/* End PBXFileReference section */

/* Begin PBXFrameworksBuildPhase section */
		754B47021FB93F6D008678B9 /* Frameworks */ = {
			isa = PBXFrameworksBuildPhase;
			buildActionMask = 2147483647;
			files = (
				DDFF3300DFFC878E23423A40 /* Pods_RxSwiftDemo.framework in Frameworks */,
			);
			runOnlyForDeploymentPostprocessing = 0;
		};
/* End PBXFrameworksBuildPhase section */

/* Begin PBXGroup section */
		754B46FC1FB93F6D008678B9 = {
			isa = PBXGroup;
			children = (
				754B47071FB93F6D008678B9 /* RxSwiftDemo */,
				754B47061FB93F6D008678B9 /* Products */,
				A7A57D8FA8E5F90BE288227F /* Pods */,
				9F0277657C8B21F5EFDC7899 /* Frameworks */,
			);
			sourceTree = "<group>";
		};
		754B47061FB93F6D008678B9 /* Products */ = {
			isa = PBXGroup;
			children = (
				754B47051FB93F6D008678B9 /* RxSwiftDemo.app */,
			);
			name = Products;
			sourceTree = "<group>";
		};
		754B47071FB93F6D008678B9 /* RxSwiftDemo */ = {
			isa = PBXGroup;
			children = (
				754B47081FB93F6D008678B9 /* AppDelegate.swift */,
				754B47201FB94E76008678B9 /* Model+Rx.swift */,
				754B47221FB95995008678B9 /* Optional+Rx.swift */,
				754B471E1FB94572008678B9 /* Github.swift */,
				754B471C1FB94194008678B9 /* Repo.swift */,
				754B471A1FB94112008678B9 /* RepoCell.swift */,
				754B470A1FB93F6D008678B9 /* SearchViewController.swift */,
				754B470C1FB93F6D008678B9 /* Main.storyboard */,
				754B470F1FB93F6D008678B9 /* Assets.xcassets */,
				754B47111FB93F6D008678B9 /* LaunchScreen.storyboard */,
				754B47141FB93F6D008678B9 /* Info.plist */,
			);
			path = RxSwiftDemo;
			sourceTree = "<group>";
		};
		9F0277657C8B21F5EFDC7899 /* Frameworks */ = {
			isa = PBXGroup;
			children = (
				5F3C206468AF99129BA2163E /* Pods_RxSwiftDemo.framework */,
			);
			name = Frameworks;
			sourceTree = "<group>";
		};
		A7A57D8FA8E5F90BE288227F /* Pods */ = {
			isa = PBXGroup;
			children = (
				FAFF1FDC5B8F0BD1748E86CA /* Pods-RxSwiftDemo.debug.xcconfig */,
				3F29E8D7B13A0B7EE13D882D /* Pods-RxSwiftDemo.release.xcconfig */,
			);
			name = Pods;
			sourceTree = "<group>";
		};
/* End PBXGroup section */

/* Begin PBXNativeTarget section */
		754B47041FB93F6D008678B9 /* RxSwiftDemo */ = {
			isa = PBXNativeTarget;
			buildConfigurationList = 754B47171FB93F6D008678B9 /* Build configuration list for PBXNativeTarget "RxSwiftDemo" */;
			buildPhases = (
				CA6379ED1AEDD381500B2A57 /* [CP] Check Pods Manifest.lock */,
				754B47011FB93F6D008678B9 /* Sources */,
				754B47021FB93F6D008678B9 /* Frameworks */,
				754B47031FB93F6D008678B9 /* Resources */,
				64E01835CE0391E41AB815A5 /* [CP] Embed Pods Frameworks */,
				AD0BDF1976596CE61672D152 /* [CP] Copy Pods Resources */,
			);
			buildRules = (
			);
			dependencies = (
			);
			name = RxSwiftDemo;
			productName = RxSwiftDemo;
			productReference = 754B47051FB93F6D008678B9 /* RxSwiftDemo.app */;
			productType = "com.apple.product-type.application";
		};
/* End PBXNativeTarget section */

/* Begin PBXProject section */
		754B46FD1FB93F6D008678B9 /* Project object */ = {
			isa = PBXProject;
			attributes = {
				LastSwiftUpdateCheck = 0900;
				LastUpgradeCheck = 0900;
				ORGANIZATIONNAME = "Dalton Claybrook";
				TargetAttributes = {
					754B47041FB93F6D008678B9 = {
						CreatedOnToolsVersion = 9.0;
						ProvisioningStyle = Automatic;
					};
				};
			};
			buildConfigurationList = 754B47001FB93F6D008678B9 /* Build configuration list for PBXProject "RxSwiftDemo" */;
			compatibilityVersion = "Xcode 8.0";
			developmentRegion = en;
			hasScannedForEncodings = 0;
			knownRegions = (
				en,
				Base,
			);
			mainGroup = 754B46FC1FB93F6D008678B9;
			productRefGroup = 754B47061FB93F6D008678B9 /* Products */;
			projectDirPath = "";
			projectRoot = "";
			targets = (
				754B47041FB93F6D008678B9 /* RxSwiftDemo */,
			);
		};
/* End PBXProject section */

/* Begin PBXResourcesBuildPhase section */
		754B47031FB93F6D008678B9 /* Resources */ = {
			isa = PBXResourcesBuildPhase;
			buildActionMask = 2147483647;
			files = (
				754B47131FB93F6D008678B9 /* LaunchScreen.storyboard in Resources */,
				754B47101FB93F6D008678B9 /* Assets.xcassets in Resources */,
				754B470E1FB93F6D008678B9 /* Main.storyboard in Resources */,
			);
			runOnlyForDeploymentPostprocessing = 0;
		};
/* End PBXResourcesBuildPhase section */

/* Begin PBXShellScriptBuildPhase section */
		64E01835CE0391E41AB815A5 /* [CP] Embed Pods Frameworks */ = {
			isa = PBXShellScriptBuildPhase;
			buildActionMask = 2147483647;
			files = (
			);
			inputPaths = (
				"${SRCROOT}/Pods/Target Support Files/Pods-RxSwiftDemo/Pods-RxSwiftDemo-frameworks.sh",
				"${BUILT_PRODUCTS_DIR}/Alamofire/Alamofire.framework",
				"${BUILT_PRODUCTS_DIR}/RxCocoa/RxCocoa.framework",
				"${BUILT_PRODUCTS_DIR}/RxSwift/RxSwift.framework",
			);
			name = "[CP] Embed Pods Frameworks";
			outputPaths = (
				"${TARGET_BUILD_DIR}/${FRAMEWORKS_FOLDER_PATH}/Alamofire.framework",
				"${TARGET_BUILD_DIR}/${FRAMEWORKS_FOLDER_PATH}/RxCocoa.framework",
				"${TARGET_BUILD_DIR}/${FRAMEWORKS_FOLDER_PATH}/RxSwift.framework",
			);
			runOnlyForDeploymentPostprocessing = 0;
			shellPath = /bin/sh;
			shellScript = "\"${SRCROOT}/Pods/Target Support Files/Pods-RxSwiftDemo/Pods-RxSwiftDemo-frameworks.sh\"\n";
			showEnvVarsInLog = 0;
		};
		AD0BDF1976596CE61672D152 /* [CP] Copy Pods Resources */ = {
			isa = PBXShellScriptBuildPhase;
			buildActionMask = 2147483647;
			files = (
			);
			inputPaths = (
			);
			name = "[CP] Copy Pods Resources";
			outputPaths = (
			);
			runOnlyForDeploymentPostprocessing = 0;
			shellPath = /bin/sh;
			shellScript = "\"${SRCROOT}/Pods/Target Support Files/Pods-RxSwiftDemo/Pods-RxSwiftDemo-resources.sh\"\n";
			showEnvVarsInLog = 0;
		};
		CA6379ED1AEDD381500B2A57 /* [CP] Check Pods Manifest.lock */ = {
			isa = PBXShellScriptBuildPhase;
			buildActionMask = 2147483647;
			files = (
			);
			inputPaths = (
				"${PODS_PODFILE_DIR_PATH}/Podfile.lock",
				"${PODS_ROOT}/Manifest.lock",
			);
			name = "[CP] Check Pods Manifest.lock";
			outputPaths = (
				"$(DERIVED_FILE_DIR)/Pods-RxSwiftDemo-checkManifestLockResult.txt",
			);
			runOnlyForDeploymentPostprocessing = 0;
			shellPath = /bin/sh;
			shellScript = "diff \"${PODS_PODFILE_DIR_PATH}/Podfile.lock\" \"${PODS_ROOT}/Manifest.lock\" > /dev/null\nif [ $? != 0 ] ; then\n    # print error to STDERR\n    echo \"error: The sandbox is not in sync with the Podfile.lock. Run 'pod install' or update your CocoaPods installation.\" >&2\n    exit 1\nfi\n# This output is used by Xcode 'outputs' to avoid re-running this script phase.\necho \"SUCCESS\" > \"${SCRIPT_OUTPUT_FILE_0}\"\n";
			showEnvVarsInLog = 0;
		};
/* End PBXShellScriptBuildPhase section */

/* Begin PBXSourcesBuildPhase section */
		754B47011FB93F6D008678B9 /* Sources */ = {
			isa = PBXSourcesBuildPhase;
			buildActionMask = 2147483647;
			files = (
				754B470B1FB93F6D008678B9 /* SearchViewController.swift in Sources */,
				754B47211FB94E76008678B9 /* Model+Rx.swift in Sources */,
				754B47091FB93F6D008678B9 /* AppDelegate.swift in Sources */,
				754B471B1FB94112008678B9 /* RepoCell.swift in Sources */,
				754B47231FB95995008678B9 /* Optional+Rx.swift in Sources */,
				754B471D1FB94194008678B9 /* Repo.swift in Sources */,
				754B471F1FB94572008678B9 /* Github.swift in Sources */,
			);
			runOnlyForDeploymentPostprocessing = 0;
		};
/* End PBXSourcesBuildPhase section */

/* Begin PBXVariantGroup section */
		754B470C1FB93F6D008678B9 /* Main.storyboard */ = {
			isa = PBXVariantGroup;
			children = (
				754B470D1FB93F6D008678B9 /* Base */,
			);
			name = Main.storyboard;
			sourceTree = "<group>";
		};
		754B47111FB93F6D008678B9 /* LaunchScreen.storyboard */ = {
			isa = PBXVariantGroup;
			children = (
				754B47121FB93F6D008678B9 /* Base */,
			);
			name = LaunchScreen.storyboard;
			sourceTree = "<group>";
		};
/* End PBXVariantGroup section */

/* Begin XCBuildConfiguration section */
		754B47151FB93F6D008678B9 /* Debug */ = {
			isa = XCBuildConfiguration;
			buildSettings = {
				ALWAYS_SEARCH_USER_PATHS = NO;
				CLANG_ANALYZER_NONNULL = YES;
				CLANG_ANALYZER_NUMBER_OBJECT_CONVERSION = YES_AGGRESSIVE;
				CLANG_CXX_LANGUAGE_STANDARD = "gnu++14";
				CLANG_CXX_LIBRARY = "libc++";
				CLANG_ENABLE_MODULES = YES;
				CLANG_ENABLE_OBJC_ARC = YES;
				CLANG_WARN_BLOCK_CAPTURE_AUTORELEASING = YES;
				CLANG_WARN_BOOL_CONVERSION = YES;
				CLANG_WARN_COMMA = YES;
				CLANG_WARN_CONSTANT_CONVERSION = YES;
				CLANG_WARN_DIRECT_OBJC_ISA_USAGE = YES_ERROR;
				CLANG_WARN_DOCUMENTATION_COMMENTS = YES;
				CLANG_WARN_EMPTY_BODY = YES;
				CLANG_WARN_ENUM_CONVERSION = YES;
				CLANG_WARN_INFINITE_RECURSION = YES;
				CLANG_WARN_INT_CONVERSION = YES;
				CLANG_WARN_NON_LITERAL_NULL_CONVERSION = YES;
				CLANG_WARN_OBJC_LITERAL_CONVERSION = YES;
				CLANG_WARN_OBJC_ROOT_CLASS = YES_ERROR;
				CLANG_WARN_RANGE_LOOP_ANALYSIS = YES;
				CLANG_WARN_STRICT_PROTOTYPES = YES;
				CLANG_WARN_SUSPICIOUS_MOVE = YES;
				CLANG_WARN_UNGUARDED_AVAILABILITY = YES_AGGRESSIVE;
				CLANG_WARN_UNREACHABLE_CODE = YES;
				CLANG_WARN__DUPLICATE_METHOD_MATCH = YES;
				CODE_SIGN_IDENTITY = "iPhone Developer";
				COPY_PHASE_STRIP = NO;
				DEBUG_INFORMATION_FORMAT = dwarf;
				ENABLE_STRICT_OBJC_MSGSEND = YES;
				ENABLE_TESTABILITY = YES;
				GCC_C_LANGUAGE_STANDARD = gnu11;
				GCC_DYNAMIC_NO_PIC = NO;
				GCC_NO_COMMON_BLOCKS = YES;
				GCC_OPTIMIZATION_LEVEL = 0;
				GCC_PREPROCESSOR_DEFINITIONS = (
					"DEBUG=1",
					"$(inherited)",
				);
				GCC_WARN_64_TO_32_BIT_CONVERSION = YES;
				GCC_WARN_ABOUT_RETURN_TYPE = YES_ERROR;
				GCC_WARN_UNDECLARED_SELECTOR = YES;
				GCC_WARN_UNINITIALIZED_AUTOS = YES_AGGRESSIVE;
				GCC_WARN_UNUSED_FUNCTION = YES;
				GCC_WARN_UNUSED_VARIABLE = YES;
				IPHONEOS_DEPLOYMENT_TARGET = 11.0;
				MTL_ENABLE_DEBUG_INFO = YES;
				ONLY_ACTIVE_ARCH = YES;
				SDKROOT = iphoneos;
				SWIFT_ACTIVE_COMPILATION_CONDITIONS = DEBUG;
				SWIFT_OPTIMIZATION_LEVEL = "-Onone";
			};
			name = Debug;
		};
		754B47161FB93F6D008678B9 /* Release */ = {
			isa = XCBuildConfiguration;
			buildSettings = {
				ALWAYS_SEARCH_USER_PATHS = NO;
				CLANG_ANALYZER_NONNULL = YES;
				CLANG_ANALYZER_NUMBER_OBJECT_CONVERSION = YES_AGGRESSIVE;
				CLANG_CXX_LANGUAGE_STANDARD = "gnu++14";
				CLANG_CXX_LIBRARY = "libc++";
				CLANG_ENABLE_MODULES = YES;
				CLANG_ENABLE_OBJC_ARC = YES;
				CLANG_WARN_BLOCK_CAPTURE_AUTORELEASING = YES;
				CLANG_WARN_BOOL_CONVERSION = YES;
				CLANG_WARN_COMMA = YES;
				CLANG_WARN_CONSTANT_CONVERSION = YES;
				CLANG_WARN_DIRECT_OBJC_ISA_USAGE = YES_ERROR;
				CLANG_WARN_DOCUMENTATION_COMMENTS = YES;
				CLANG_WARN_EMPTY_BODY = YES;
				CLANG_WARN_ENUM_CONVERSION = YES;
				CLANG_WARN_INFINITE_RECURSION = YES;
				CLANG_WARN_INT_CONVERSION = YES;
				CLANG_WARN_NON_LITERAL_NULL_CONVERSION = YES;
				CLANG_WARN_OBJC_LITERAL_CONVERSION = YES;
				CLANG_WARN_OBJC_ROOT_CLASS = YES_ERROR;
				CLANG_WARN_RANGE_LOOP_ANALYSIS = YES;
				CLANG_WARN_STRICT_PROTOTYPES = YES;
				CLANG_WARN_SUSPICIOUS_MOVE = YES;
				CLANG_WARN_UNGUARDED_AVAILABILITY = YES_AGGRESSIVE;
				CLANG_WARN_UNREACHABLE_CODE = YES;
				CLANG_WARN__DUPLICATE_METHOD_MATCH = YES;
				CODE_SIGN_IDENTITY = "iPhone Developer";
				COPY_PHASE_STRIP = NO;
				DEBUG_INFORMATION_FORMAT = "dwarf-with-dsym";
				ENABLE_NS_ASSERTIONS = NO;
				ENABLE_STRICT_OBJC_MSGSEND = YES;
				GCC_C_LANGUAGE_STANDARD = gnu11;
				GCC_NO_COMMON_BLOCKS = YES;
				GCC_WARN_64_TO_32_BIT_CONVERSION = YES;
				GCC_WARN_ABOUT_RETURN_TYPE = YES_ERROR;
				GCC_WARN_UNDECLARED_SELECTOR = YES;
				GCC_WARN_UNINITIALIZED_AUTOS = YES_AGGRESSIVE;
				GCC_WARN_UNUSED_FUNCTION = YES;
				GCC_WARN_UNUSED_VARIABLE = YES;
				IPHONEOS_DEPLOYMENT_TARGET = 11.0;
				MTL_ENABLE_DEBUG_INFO = NO;
				SDKROOT = iphoneos;
				SWIFT_OPTIMIZATION_LEVEL = "-Owholemodule";
				VALIDATE_PRODUCT = YES;
			};
			name = Release;
		};
		754B47181FB93F6D008678B9 /* Debug */ = {
			isa = XCBuildConfiguration;
			baseConfigurationReference = FAFF1FDC5B8F0BD1748E86CA /* Pods-RxSwiftDemo.debug.xcconfig */;
			buildSettings = {
				ASSETCATALOG_COMPILER_APPICON_NAME = AppIcon;
				CODE_SIGN_STYLE = Automatic;
				DEVELOPMENT_TEAM = ELT5AES94A;
				INFOPLIST_FILE = RxSwiftDemo/Info.plist;
				LD_RUNPATH_SEARCH_PATHS = "$(inherited) @executable_path/Frameworks";
				PRODUCT_BUNDLE_IDENTIFIER = com.daltonclaybrook.RxSwiftDemo;
				PRODUCT_NAME = "$(TARGET_NAME)";
				SWIFT_VERSION = 4.0;
				TARGETED_DEVICE_FAMILY = "1,2";
			};
			name = Debug;
		};
		754B47191FB93F6D008678B9 /* Release */ = {
			isa = XCBuildConfiguration;
			baseConfigurationReference = 3F29E8D7B13A0B7EE13D882D /* Pods-RxSwiftDemo.release.xcconfig */;
			buildSettings = {
				ASSETCATALOG_COMPILER_APPICON_NAME = AppIcon;
				CODE_SIGN_STYLE = Automatic;
				DEVELOPMENT_TEAM = ELT5AES94A;
				INFOPLIST_FILE = RxSwiftDemo/Info.plist;
				LD_RUNPATH_SEARCH_PATHS = "$(inherited) @executable_path/Frameworks";
				PRODUCT_BUNDLE_IDENTIFIER = com.daltonclaybrook.RxSwiftDemo;
				PRODUCT_NAME = "$(TARGET_NAME)";
				SWIFT_VERSION = 4.0;
				TARGETED_DEVICE_FAMILY = "1,2";
			};
			name = Release;
		};
/* End XCBuildConfiguration section */

/* Begin XCConfigurationList section */
		754B47001FB93F6D008678B9 /* Build configuration list for PBXProject "RxSwiftDemo" */ = {
			isa = XCConfigurationList;
			buildConfigurations = (
				754B47151FB93F6D008678B9 /* Debug */,
				754B47161FB93F6D008678B9 /* Release */,
			);
			defaultConfigurationIsVisible = 0;
			defaultConfigurationName = Release;
		};
		754B47171FB93F6D008678B9 /* Build configuration list for PBXNativeTarget "RxSwiftDemo" */ = {
			isa = XCConfigurationList;
			buildConfigurations = (
				754B47181FB93F6D008678B9 /* Debug */,
				754B47191FB93F6D008678B9 /* Release */,
			);
			defaultConfigurationIsVisible = 0;
			defaultConfigurationName = Release;
		};
/* End XCConfigurationList section */
	};
	rootObject = 754B46FD1FB93F6D008678B9 /* Project object */;
}
